// !$*UTF8*$!
{
	archiveVersion = 1;
	classes = {
	};
	objectVersion = 55;
	objects = {

/* Begin PBXBuildFile section */
		0F2FB47928ABCB5D0053BB1E /* UIResponder.swift in Sources */ = {isa = PBXBuildFile; fileRef = 0F2FB47828ABCB5D0053BB1E /* UIResponder.swift */; };
		0F7A8BF228A2916A00AF13F5 /* PasswordCriteria.swift in Sources */ = {isa = PBXBuildFile; fileRef = 0F7A8BF128A2916A00AF13F5 /* PasswordCriteria.swift */; };
		0F8D9327289D480900533A45 /* AppDelegate.swift in Sources */ = {isa = PBXBuildFile; fileRef = 0F8D9326289D480900533A45 /* AppDelegate.swift */; };
		0F8D9329289D480900533A45 /* SceneDelegate.swift in Sources */ = {isa = PBXBuildFile; fileRef = 0F8D9328289D480900533A45 /* SceneDelegate.swift */; };
		0F8D932B289D480900533A45 /* ViewController.swift in Sources */ = {isa = PBXBuildFile; fileRef = 0F8D932A289D480900533A45 /* ViewController.swift */; };
		0F8D9330289D480B00533A45 /* Assets.xcassets in Resources */ = {isa = PBXBuildFile; fileRef = 0F8D932F289D480B00533A45 /* Assets.xcassets */; };
		0F8D9333289D480B00533A45 /* LaunchScreen.storyboard in Resources */ = {isa = PBXBuildFile; fileRef = 0F8D9331289D480B00533A45 /* LaunchScreen.storyboard */; };
		0F8D933D289D4BAF00533A45 /* PasswordTextField.swift in Sources */ = {isa = PBXBuildFile; fileRef = 0F8D933C289D4BAF00533A45 /* PasswordTextField.swift */; };
		0F8D934328A16C0400533A45 /* PasswordCriteriaView.swift in Sources */ = {isa = PBXBuildFile; fileRef = 0F8D934228A16C0400533A45 /* PasswordCriteriaView.swift */; };
		0F8D934728A19F7300533A45 /* PasswordStatusView.swift in Sources */ = {isa = PBXBuildFile; fileRef = 0F8D934628A19F7300533A45 /* PasswordStatusView.swift */; };
/* End PBXBuildFile section */

/* Begin PBXFileReference section */
		0F2FB47828ABCB5D0053BB1E /* UIResponder.swift */ = {isa = PBXFileReference; lastKnownFileType = sourcecode.swift; path = UIResponder.swift; sourceTree = "<group>"; };
		0F7A8BF128A2916A00AF13F5 /* PasswordCriteria.swift */ = {isa = PBXFileReference; lastKnownFileType = sourcecode.swift; path = PasswordCriteria.swift; sourceTree = "<group>"; };
		0F8D9323289D480900533A45 /* Password.app */ = {isa = PBXFileReference; explicitFileType = wrapper.application; includeInIndex = 0; path = Password.app; sourceTree = BUILT_PRODUCTS_DIR; };
		0F8D9326289D480900533A45 /* AppDelegate.swift */ = {isa = PBXFileReference; lastKnownFileType = sourcecode.swift; path = AppDelegate.swift; sourceTree = "<group>"; };
		0F8D9328289D480900533A45 /* SceneDelegate.swift */ = {isa = PBXFileReference; lastKnownFileType = sourcecode.swift; path = SceneDelegate.swift; sourceTree = "<group>"; };
		0F8D932A289D480900533A45 /* ViewController.swift */ = {isa = PBXFileReference; lastKnownFileType = sourcecode.swift; path = ViewController.swift; sourceTree = "<group>"; };
		0F8D932F289D480B00533A45 /* Assets.xcassets */ = {isa = PBXFileReference; lastKnownFileType = folder.assetcatalog; path = Assets.xcassets; sourceTree = "<group>"; };
		0F8D9332289D480B00533A45 /* Base */ = {isa = PBXFileReference; lastKnownFileType = file.storyboard; name = Base; path = Base.lproj/LaunchScreen.storyboard; sourceTree = "<group>"; };
		0F8D9334289D480B00533A45 /* Info.plist */ = {isa = PBXFileReference; lastKnownFileType = text.plist.xml; path = Info.plist; sourceTree = "<group>"; };
		0F8D933C289D4BAF00533A45 /* PasswordTextField.swift */ = {isa = PBXFileReference; lastKnownFileType = sourcecode.swift; path = PasswordTextField.swift; sourceTree = "<group>"; };
		0F8D934228A16C0400533A45 /* PasswordCriteriaView.swift */ = {isa = PBXFileReference; lastKnownFileType = sourcecode.swift; path = PasswordCriteriaView.swift; sourceTree = "<group>"; };
		0F8D934628A19F7300533A45 /* PasswordStatusView.swift */ = {isa = PBXFileReference; lastKnownFileType = sourcecode.swift; path = PasswordStatusView.swift; sourceTree = "<group>"; };
/* End PBXFileReference section */

/* Begin PBXFrameworksBuildPhase section */
		0F8D9320289D480900533A45 /* Frameworks */ = {
			isa = PBXFrameworksBuildPhase;
			buildActionMask = 2147483647;
			files = (
			);
			runOnlyForDeploymentPostprocessing = 0;
		};
/* End PBXFrameworksBuildPhase section */

/* Begin PBXGroup section */
		0F2FB47A28ABCBB50053BB1E /* Utils */ = {
			isa = PBXGroup;
			children = (
				0F2FB47828ABCB5D0053BB1E /* UIResponder.swift */,
			);
			name = Utils;
			sourceTree = "<group>";
		};
		0F7A8BF328A292CA00AF13F5 /* Model */ = {
			isa = PBXGroup;
			children = (
				0F7A8BF128A2916A00AF13F5 /* PasswordCriteria.swift */,
			);
			name = Model;
			sourceTree = "<group>";
		};
		0F8D931A289D480900533A45 = {
			isa = PBXGroup;
			children = (
				0F8D9325289D480900533A45 /* Password */,
				0F8D9324289D480900533A45 /* Products */,
			);
			sourceTree = "<group>";
		};
		0F8D9324289D480900533A45 /* Products */ = {
			isa = PBXGroup;
			children = (
				0F8D9323289D480900533A45 /* Password.app */,
			);
			name = Products;
			sourceTree = "<group>";
		};
		0F8D9325289D480900533A45 /* Password */ = {
			isa = PBXGroup;
			children = (
				0F2FB47A28ABCBB50053BB1E /* Utils */,
				0F8D933B289D486200533A45 /* Files */,
				0F8D9326289D480900533A45 /* AppDelegate.swift */,
				0F7A8BF328A292CA00AF13F5 /* Model */,
				0F8D934528A16DF300533A45 /* Controller */,
				0F8D934428A16C1500533A45 /* View */,
			);
			path = Password;
			sourceTree = "<group>";
		};
		0F8D933B289D486200533A45 /* Files */ = {
			isa = PBXGroup;
			children = (
				0F8D9328289D480900533A45 /* SceneDelegate.swift */,
				0F8D932F289D480B00533A45 /* Assets.xcassets */,
				0F8D9331289D480B00533A45 /* LaunchScreen.storyboard */,
				0F8D9334289D480B00533A45 /* Info.plist */,
			);
			name = Files;
			sourceTree = "<group>";
		};
		0F8D934428A16C1500533A45 /* View */ = {
			isa = PBXGroup;
			children = (
				0F8D933C289D4BAF00533A45 /* PasswordTextField.swift */,
				0F8D934628A19F7300533A45 /* PasswordStatusView.swift */,
				0F8D934228A16C0400533A45 /* PasswordCriteriaView.swift */,
			);
			name = View;
			sourceTree = "<group>";
		};
		0F8D934528A16DF300533A45 /* Controller */ = {
			isa = PBXGroup;
			children = (
				0F8D932A289D480900533A45 /* ViewController.swift */,
			);
			name = Controller;
			sourceTree = "<group>";
		};
/* End PBXGroup section */

/* Begin PBXNativeTarget section */
		0F8D9322289D480900533A45 /* Password */ = {
			isa = PBXNativeTarget;
			buildConfigurationList = 0F8D9337289D480B00533A45 /* Build configuration list for PBXNativeTarget "Password" */;
			buildPhases = (
				0F8D931F289D480900533A45 /* Sources */,
				0F8D9320289D480900533A45 /* Frameworks */,
				0F8D9321289D480900533A45 /* Resources */,
			);
			buildRules = (
			);
			dependencies = (
			);
			name = Password;
			productName = Password;
			productReference = 0F8D9323289D480900533A45 /* Password.app */;
			productType = "com.apple.product-type.application";
		};
/* End PBXNativeTarget section */

/* Begin PBXProject section */
		0F8D931B289D480900533A45 /* Project object */ = {
			isa = PBXProject;
			attributes = {
				BuildIndependentTargetsInParallel = 1;
				LastSwiftUpdateCheck = 1340;
				LastUpgradeCheck = 1340;
				TargetAttributes = {
					0F8D9322289D480900533A45 = {
						CreatedOnToolsVersion = 13.4.1;
					};
				};
			};
			buildConfigurationList = 0F8D931E289D480900533A45 /* Build configuration list for PBXProject "Password" */;
			compatibilityVersion = "Xcode 13.0";
			developmentRegion = en;
			hasScannedForEncodings = 0;
			knownRegions = (
				en,
				Base,
			);
			mainGroup = 0F8D931A289D480900533A45;
			productRefGroup = 0F8D9324289D480900533A45 /* Products */;
			projectDirPath = "";
			projectRoot = "";
			targets = (
				0F8D9322289D480900533A45 /* Password */,
			);
		};
/* End PBXProject section */

/* Begin PBXResourcesBuildPhase section */
		0F8D9321289D480900533A45 /* Resources */ = {
			isa = PBXResourcesBuildPhase;
			buildActionMask = 2147483647;
			files = (
				0F8D9333289D480B00533A45 /* LaunchScreen.storyboard in Resources */,
				0F8D9330289D480B00533A45 /* Assets.xcassets in Resources */,
			);
			runOnlyForDeploymentPostprocessing = 0;
		};
/* End PBXResourcesBuildPhase section */

/* Begin PBXSourcesBuildPhase section */
		0F8D931F289D480900533A45 /* Sources */ = {
			isa = PBXSourcesBuildPhase;
			buildActionMask = 2147483647;
			files = (
				0F8D932B289D480900533A45 /* ViewController.swift in Sources */,
				0F8D9327289D480900533A45 /* AppDelegate.swift in Sources */,
				0F8D934328A16C0400533A45 /* PasswordCriteriaView.swift in Sources */,
				0F8D934728A19F7300533A45 /* PasswordStatusView.swift in Sources */,
				0F8D933D289D4BAF00533A45 /* PasswordTextField.swift in Sources */,
				0F7A8BF228A2916A00AF13F5 /* PasswordCriteria.swift in Sources */,
				0F8D9329289D480900533A45 /* SceneDelegate.swift in Sources */,
				0F2FB47928ABCB5D0053BB1E /* UIResponder.swift in Sources */,
			);
			runOnlyForDeploymentPostprocessing = 0;
		};
/* End PBXSourcesBuildPhase section */

/* Begin PBXVariantGroup section */
		0F8D9331289D480B00533A45 /* LaunchScreen.storyboard */ = {
			isa = PBXVariantGroup;
			children = (
				0F8D9332289D480B00533A45 /* Base */,
			);
			name = LaunchScreen.storyboard;
			sourceTree = "<group>";
		};
/* End PBXVariantGroup section */

/* Begin XCBuildConfiguration section */
		0F8D9335289D480B00533A45 /* Debug */ = {
			isa = XCBuildConfiguration;
			buildSettings = {
				ALWAYS_SEARCH_USER_PATHS = NO;
				CLANG_ANALYZER_NONNULL = YES;
				CLANG_ANALYZER_NUMBER_OBJECT_CONVERSION = YES_AGGRESSIVE;
				CLANG_CXX_LANGUAGE_STANDARD = "gnu++17";
				CLANG_ENABLE_MODULES = YES;
				CLANG_ENABLE_OBJC_ARC = YES;
				CLANG_ENABLE_OBJC_WEAK = YES;
				CLANG_WARN_BLOCK_CAPTURE_AUTORELEASING = YES;
				CLANG_WARN_BOOL_CONVERSION = YES;
				CLANG_WARN_COMMA = YES;
				CLANG_WARN_CONSTANT_CONVERSION = YES;
				CLANG_WARN_DEPRECATED_OBJC_IMPLEMENTATIONS = YES;
				CLANG_WARN_DIRECT_OBJC_ISA_USAGE = YES_ERROR;
				CLANG_WARN_DOCUMENTATION_COMMENTS = YES;
				CLANG_WARN_EMPTY_BODY = YES;
				CLANG_WARN_ENUM_CONVERSION = YES;
				CLANG_WARN_INFINITE_RECURSION = YES;
				CLANG_WARN_INT_CONVERSION = YES;
				CLANG_WARN_NON_LITERAL_NULL_CONVERSION = YES;
				CLANG_WARN_OBJC_IMPLICIT_RETAIN_SELF = YES;
				CLANG_WARN_OBJC_LITERAL_CONVERSION = YES;
				CLANG_WARN_OBJC_ROOT_CLASS = YES_ERROR;
				CLANG_WARN_QUOTED_INCLUDE_IN_FRAMEWORK_HEADER = YES;
				CLANG_WARN_RANGE_LOOP_ANALYSIS = YES;
				CLANG_WARN_STRICT_PROTOTYPES = YES;
				CLANG_WARN_SUSPICIOUS_MOVE = YES;
				CLANG_WARN_UNGUARDED_AVAILABILITY = YES_AGGRESSIVE;
				CLANG_WARN_UNREACHABLE_CODE = YES;
				CLANG_WARN__DUPLICATE_METHOD_MATCH = YES;
				COPY_PHASE_STRIP = NO;
				DEBUG_INFORMATION_FORMAT = dwarf;
				ENABLE_STRICT_OBJC_MSGSEND = YES;
				ENABLE_TESTABILITY = YES;
				GCC_C_LANGUAGE_STANDARD = gnu11;
				GCC_DYNAMIC_NO_PIC = NO;
				GCC_NO_COMMON_BLOCKS = YES;
				GCC_OPTIMIZATION_LEVEL = 0;
				GCC_PREPROCESSOR_DEFINITIONS = (
					"DEBUG=1",
					"$(inherited)",
				);
				GCC_WARN_64_TO_32_BIT_CONVERSION = YES;
				GCC_WARN_ABOUT_RETURN_TYPE = YES_ERROR;
				GCC_WARN_UNDECLARED_SELECTOR = YES;
				GCC_WARN_UNINITIALIZED_AUTOS = YES_AGGRESSIVE;
				GCC_WARN_UNUSED_FUNCTION = YES;
				GCC_WARN_UNUSED_VARIABLE = YES;
				IPHONEOS_DEPLOYMENT_TARGET = 15.5;
				MTL_ENABLE_DEBUG_INFO = INCLUDE_SOURCE;
				MTL_FAST_MATH = YES;
				ONLY_ACTIVE_ARCH = YES;
				SDKROOT = iphoneos;
				SWIFT_ACTIVE_COMPILATION_CONDITIONS = DEBUG;
				SWIFT_OPTIMIZATION_LEVEL = "-Onone";
			};
			name = Debug;
		};
		0F8D9336289D480B00533A45 /* Release */ = {
			isa = XCBuildConfiguration;
			buildSettings = {
				ALWAYS_SEARCH_USER_PATHS = NO;
				CLANG_ANALYZER_NONNULL = YES;
				CLANG_ANALYZER_NUMBER_OBJECT_CONVERSION = YES_AGGRESSIVE;
				CLANG_CXX_LANGUAGE_STANDARD = "gnu++17";
				CLANG_ENABLE_MODULES = YES;
				CLANG_ENABLE_OBJC_ARC = YES;
				CLANG_ENABLE_OBJC_WEAK = YES;
				CLANG_WARN_BLOCK_CAPTURE_AUTORELEASING = YES;
				CLANG_WARN_BOOL_CONVERSION = YES;
				CLANG_WARN_COMMA = YES;
				CLANG_WARN_CONSTANT_CONVERSION = YES;
				CLANG_WARN_DEPRECATED_OBJC_IMPLEMENTATIONS = YES;
				CLANG_WARN_DIRECT_OBJC_ISA_USAGE = YES_ERROR;
				CLANG_WARN_DOCUMENTATION_COMMENTS = YES;
				CLANG_WARN_EMPTY_BODY = YES;
				CLANG_WARN_ENUM_CONVERSION = YES;
				CLANG_WARN_INFINITE_RECURSION = YES;
				CLANG_WARN_INT_CONVERSION = YES;
				CLANG_WARN_NON_LITERAL_NULL_CONVERSION = YES;
				CLANG_WARN_OBJC_IMPLICIT_RETAIN_SELF = YES;
				CLANG_WARN_OBJC_LITERAL_CONVERSION = YES;
				CLANG_WARN_OBJC_ROOT_CLASS = YES_ERROR;
				CLANG_WARN_QUOTED_INCLUDE_IN_FRAMEWORK_HEADER = YES;
				CLANG_WARN_RANGE_LOOP_ANALYSIS = YES;
				CLANG_WARN_STRICT_PROTOTYPES = YES;
				CLANG_WARN_SUSPICIOUS_MOVE = YES;
				CLANG_WARN_UNGUARDED_AVAILABILITY = YES_AGGRESSIVE;
				CLANG_WARN_UNREACHABLE_CODE = YES;
				CLANG_WARN__DUPLICATE_METHOD_MATCH = YES;
				COPY_PHASE_STRIP = NO;
				DEBUG_INFORMATION_FORMAT = "dwarf-with-dsym";
				ENABLE_NS_ASSERTIONS = NO;
				ENABLE_STRICT_OBJC_MSGSEND = YES;
				GCC_C_LANGUAGE_STANDARD = gnu11;
				GCC_NO_COMMON_BLOCKS = YES;
				GCC_WARN_64_TO_32_BIT_CONVERSION = YES;
				GCC_WARN_ABOUT_RETURN_TYPE = YES_ERROR;
				GCC_WARN_UNDECLARED_SELECTOR = YES;
				GCC_WARN_UNINITIALIZED_AUTOS = YES_AGGRESSIVE;
				GCC_WARN_UNUSED_FUNCTION = YES;
				GCC_WARN_UNUSED_VARIABLE = YES;
				IPHONEOS_DEPLOYMENT_TARGET = 15.5;
				MTL_ENABLE_DEBUG_INFO = NO;
				MTL_FAST_MATH = YES;
				SDKROOT = iphoneos;
				SWIFT_COMPILATION_MODE = wholemodule;
				SWIFT_OPTIMIZATION_LEVEL = "-O";
				VALIDATE_PRODUCT = YES;
			};
			name = Release;
		};
		0F8D9338289D480B00533A45 /* Debug */ = {
			isa = XCBuildConfiguration;
			buildSettings = {
				ASSETCATALOG_COMPILER_APPICON_NAME = AppIcon;
				ASSETCATALOG_COMPILER_GLOBAL_ACCENT_COLOR_NAME = AccentColor;
				CODE_SIGN_STYLE = Automatic;
				CURRENT_PROJECT_VERSION = 1;
				DEVELOPMENT_TEAM = WX6Q94XHF5;
				GENERATE_INFOPLIST_FILE = YES;
				INFOPLIST_FILE = Password/Info.plist;
				INFOPLIST_KEY_UIApplicationSupportsIndirectInputEvents = YES;
				INFOPLIST_KEY_UILaunchStoryboardName = LaunchScreen;
				INFOPLIST_KEY_UISupportedInterfaceOrientations_iPad = "UIInterfaceOrientationPortrait UIInterfaceOrientationPortraitUpsideDown UIInterfaceOrientationLandscapeLeft UIInterfaceOrientationLandscapeRight";
				INFOPLIST_KEY_UISupportedInterfaceOrientations_iPhone = "UIInterfaceOrientationPortrait UIInterfaceOrientationLandscapeLeft UIInterfaceOrientationLandscapeRight";
				LD_RUNPATH_SEARCH_PATHS = (
					"$(inherited)",
					"@executable_path/Frameworks",
				);
				MARKETING_VERSION = 1.0;
				PRODUCT_BUNDLE_IDENTIFIER = com.jeancesca.Password;
				PRODUCT_NAME = "$(TARGET_NAME)";
				SWIFT_EMIT_LOC_STRINGS = YES;
				SWIFT_VERSION = 5.0;
				TARGETED_DEVICE_FAMILY = "1,2";
			};
			name = Debug;
		};
		0F8D9339289D480B00533A45 /* Release */ = {
			isa = XCBuildConfiguration;
			buildSettings = {
				ASSETCATALOG_COMPILER_APPICON_NAME = AppIcon;
				ASSETCATALOG_COMPILER_GLOBAL_ACCENT_COLOR_NAME = AccentColor;
				CODE_SIGN_STYLE = Automatic;
				CURRENT_PROJECT_VERSION = 1;
				DEVELOPMENT_TEAM = WX6Q94XHF5;
				GENERATE_INFOPLIST_FILE = YES;
				INFOPLIST_FILE = Password/Info.plist;
				INFOPLIST_KEY_UIApplicationSupportsIndirectInputEvents = YES;
				INFOPLIST_KEY_UILaunchStoryboardName = LaunchScreen;
				INFOPLIST_KEY_UISupportedInterfaceOrientations_iPad = "UIInterfaceOrientationPortrait UIInterfaceOrientationPortraitUpsideDown UIInterfaceOrientationLandscapeLeft UIInterfaceOrientationLandscapeRight";
				INFOPLIST_KEY_UISupportedInterfaceOrientations_iPhone = "UIInterfaceOrientationPortrait UIInterfaceOrientationLandscapeLeft UIInterfaceOrientationLandscapeRight";
				LD_RUNPATH_SEARCH_PATHS = (
					"$(inherited)",
					"@executable_path/Frameworks",
				);
				MARKETING_VERSION = 1.0;
				PRODUCT_BUNDLE_IDENTIFIER = com.jeancesca.Password;
				PRODUCT_NAME = "$(TARGET_NAME)";
				SWIFT_EMIT_LOC_STRINGS = YES;
				SWIFT_VERSION = 5.0;
				TARGETED_DEVICE_FAMILY = "1,2";
			};
			name = Release;
		};
/* End XCBuildConfiguration section */

/* Begin XCConfigurationList section */
		0F8D931E289D480900533A45 /* Build configuration list for PBXProject "Password" */ = {
			isa = XCConfigurationList;
			buildConfigurations = (
				0F8D9335289D480B00533A45 /* Debug */,
				0F8D9336289D480B00533A45 /* Release */,
			);
			defaultConfigurationIsVisible = 0;
			defaultConfigurationName = Release;
		};
		0F8D9337289D480B00533A45 /* Build configuration list for PBXNativeTarget "Password" */ = {
			isa = XCConfigurationList;
			buildConfigurations = (
				0F8D9338289D480B00533A45 /* Debug */,
				0F8D9339289D480B00533A45 /* Release */,
			);
			defaultConfigurationIsVisible = 0;
			defaultConfigurationName = Release;
		};
/* End XCConfigurationList section */
	};
	rootObject = 0F8D931B289D480900533A45 /* Project object */;
}
